
Microsoft Visual Studio Solution File, Format Version 12.00
Project("{FAE04EC0-301F-11D3-BF4B-00C04F79EFBC}") = "PasswordToHash", "PasswordToHash\PasswordToHash.csproj", "{6AC167A0-CB74-4750-BED4-BE78931A93AF}"
EndProject
Global
	GlobalSection(SolutionConfigurationPlatforms) = preSolution
		Debug|Any CPU = Debug|Any CPU
		Release|Any CPU = Release|Any CPU
	EndGlobalSection
	GlobalSection(ProjectConfigurationPlatforms) = postSolution
		{6AC167A0-CB74-4750-BED4-BE78931A93AF}.Debug|Any CPU.ActiveCfg = Debug|Any CPU
		{6AC167A0-CB74-4750-BED4-BE78931A93AF}.Debug|Any CPU.Build.0 = Debug|Any CPU
		{6AC167A0-CB74-4750-BED4-BE78931A93AF}.Release|Any CPU.ActiveCfg = Release|Any CPU
		{6AC167A0-CB74-4750-BED4-BE78931A93AF}.Release|Any CPU.Build.0 = Release|Any CPU
	EndGlobalSection
EndGlobal
